
Microsoft Visual Studio Solution File, Format Version 12.00
# Visual Studio Version 16
VisualStudioVersion = 16.0.32126.315
MinimumVisualStudioVersion = 10.0.40219.1
Project("{FAE04EC0-301F-11D3-BF4B-00C04F79EFBC}") = "MVCWeb", "MVCWeb\MVCWeb.csproj", "{95A0A154-63CB-451C-BAC9-37CA95954423}"
EndProject
Project("{FAE04EC0-301F-11D3-BF4B-00C04F79EFBC}") = "MVCWeb.Tests", "MVCWeb.Tests\MVCWeb.Tests.csproj", "{617D1411-C7A9-4E4C-B057-25F33DE685C5}"
EndProject
Project("{FAE04EC0-301F-11D3-BF4B-00C04F79EFBC}") = "Mvc_Repository.Models", "Mvc_Repository.Models\Mvc_Repository.Models.csproj", "{F295ACC8-BA5A-41C5-BB95-E4514BFA7052}"
EndProject
Project("{FAE04EC0-301F-11D3-BF4B-00C04F79EFBC}") = "Mvc_Repository.Service", "Mvc_Repository.Service\Mvc_Repository.Service.csproj", "{555E7C04-A455-4445-BF65-A6C2E610479D}"
EndProject
Global
	GlobalSection(SolutionConfigurationPlatforms) = preSolution
		Debug|Any CPU = Debug|Any CPU
		Release|Any CPU = Release|Any CPU
	EndGlobalSection
	GlobalSection(ProjectConfigurationPlatforms) = postSolution
		{95A0A154-63CB-451C-BAC9-37CA95954423}.Debug|Any CPU.ActiveCfg = Debug|Any CPU
		{95A0A154-63CB-451C-BAC9-37CA95954423}.Debug|Any CPU.Build.0 = Debug|Any CPU
		{95A0A154-63CB-451C-BAC9-37CA95954423}.Release|Any CPU.ActiveCfg = Release|Any CPU
		{95A0A154-63CB-451C-BAC9-37CA95954423}.Release|Any CPU.Build.0 = Release|Any CPU
		{617D1411-C7A9-4E4C-B057-25F33DE685C5}.Debug|Any CPU.ActiveCfg = Debug|Any CPU
		{617D1411-C7A9-4E4C-B057-25F33DE685C5}.Debug|Any CPU.Build.0 = Debug|Any CPU
		{617D1411-C7A9-4E4C-B057-25F33DE685C5}.Release|Any CPU.ActiveCfg = Release|Any CPU
		{617D1411-C7A9-4E4C-B057-25F33DE685C5}.Release|Any CPU.Build.0 = Release|Any CPU
		{F295ACC8-BA5A-41C5-BB95-E4514BFA7052}.Debug|Any CPU.ActiveCfg = Debug|Any CPU
		{F295ACC8-BA5A-41C5-BB95-E4514BFA7052}.Debug|Any CPU.Build.0 = Debug|Any CPU
		{F295ACC8-BA5A-41C5-BB95-E4514BFA7052}.Release|Any CPU.ActiveCfg = Release|Any CPU
		{F295ACC8-BA5A-41C5-BB95-E4514BFA7052}.Release|Any CPU.Build.0 = Release|Any CPU
		{555E7C04-A455-4445-BF65-A6C2E610479D}.Debug|Any CPU.ActiveCfg = Debug|Any CPU
		{555E7C04-A455-4445-BF65-A6C2E610479D}.Debug|Any CPU.Build.0 = Debug|Any CPU
		{555E7C04-A455-4445-BF65-A6C2E610479D}.Release|Any CPU.ActiveCfg = Release|Any CPU
		{555E7C04-A455-4445-BF65-A6C2E610479D}.Release|Any CPU.Build.0 = Release|Any CPU
	EndGlobalSection
	GlobalSection(SolutionProperties) = preSolution
		HideSolutionNode = FALSE
	EndGlobalSection
	GlobalSection(ExtensibilityGlobals) = postSolution
		SolutionGuid = {CB715A6F-B4C9-4F50-A378-CED115DB5509}
	EndGlobalSection
EndGlobal
